
Microsoft Visual Studio Solution File, Format Version 12.00
# Visual Studio Version 16
VisualStudioVersion = 16.0.30907.101
MinimumVisualStudioVersion = 10.0.40219.1
Project("{FAE04EC0-301F-11D3-BF4B-00C04F79EFBC}") = "serviceXACML", "serviceXACML\serviceXACML.csproj", "{4D3017A4-430F-4CA4-B6F1-417A83AAE87A}"
EndProject
Global
	GlobalSection(SolutionConfigurationPlatforms) = preSolution
		Debug|Any CPU = Debug|Any CPU
		Release|Any CPU = Release|Any CPU
	EndGlobalSection
	GlobalSection(ProjectConfigurationPlatforms) = postSolution
		{4D3017A4-430F-4CA4-B6F1-417A83AAE87A}.Debug|Any CPU.ActiveCfg = Debug|Any CPU
		{4D3017A4-430F-4CA4-B6F1-417A83AAE87A}.Debug|Any CPU.Build.0 = Debug|Any CPU
		{4D3017A4-430F-4CA4-B6F1-417A83AAE87A}.Release|Any CPU.ActiveCfg = Release|Any CPU
		{4D3017A4-430F-4CA4-B6F1-417A83AAE87A}.Release|Any CPU.Build.0 = Release|Any CPU
	EndGlobalSection
	GlobalSection(SolutionProperties) = preSolution
		HideSolutionNode = FALSE
	EndGlobalSection
	GlobalSection(ExtensibilityGlobals) = postSolution
		SolutionGuid = {10C91EEA-C743-4EA1-B94A-2823269990DA}
	EndGlobalSection
EndGlobal
